
Microsoft Visual Studio Solution File, Format Version 10.00
# Visual Studio 2008
Project("{FAE04EC0-301F-11D3-BF4B-00C04F79EFBC}") = "WebNinja", "WebNinja\WebNinja.csproj", "{6EC5ED89-C17E-47F8-AEA6-6DF6C64875F7}"
EndProject
Global
	GlobalSection(SolutionConfigurationPlatforms) = preSolution
		Debug|Any CPU = Debug|Any CPU
		Release|Any CPU = Release|Any CPU
	EndGlobalSection
	GlobalSection(ProjectConfigurationPlatforms) = postSolution
		{6EC5ED89-C17E-47F8-AEA6-6DF6C64875F7}.Debug|Any CPU.ActiveCfg = Debug|Any CPU
		{6EC5ED89-C17E-47F8-AEA6-6DF6C64875F7}.Debug|Any CPU.Build.0 = Debug|Any CPU
		{6EC5ED89-C17E-47F8-AEA6-6DF6C64875F7}.Release|Any CPU.ActiveCfg = Release|Any CPU
		{6EC5ED89-C17E-47F8-AEA6-6DF6C64875F7}.Release|Any CPU.Build.0 = Release|Any CPU
	EndGlobalSection
	GlobalSection(SolutionProperties) = preSolution
		HideSolutionNode = FALSE
	EndGlobalSection
EndGlobal
